
Microsoft Visual Studio Solution File, Format Version 12.00
# Visual Studio 15
VisualStudioVersion = 15.0.28010.2036
MinimumVisualStudioVersion = 10.0.40219.1
Project("{FAE04EC0-301F-11D3-BF4B-00C04F79EFBC}") = "ASTC_Webservice", "ASTC_Webservice\ASTC_Webservice.csproj", "{74426AFE-7BE7-4165-86AC-F412F052BDCF}"
EndProject
Global
	GlobalSection(SolutionConfigurationPlatforms) = preSolution
		Debug|Any CPU = Debug|Any CPU
		Release|Any CPU = Release|Any CPU
	EndGlobalSection
	GlobalSection(ProjectConfigurationPlatforms) = postSolution
		{74426AFE-7BE7-4165-86AC-F412F052BDCF}.Debug|Any CPU.ActiveCfg = Debug|Any CPU
		{74426AFE-7BE7-4165-86AC-F412F052BDCF}.Debug|Any CPU.Build.0 = Debug|Any CPU
		{74426AFE-7BE7-4165-86AC-F412F052BDCF}.Release|Any CPU.ActiveCfg = Release|Any CPU
		{74426AFE-7BE7-4165-86AC-F412F052BDCF}.Release|Any CPU.Build.0 = Release|Any CPU
	EndGlobalSection
	GlobalSection(SolutionProperties) = preSolution
		HideSolutionNode = FALSE
	EndGlobalSection
	GlobalSection(ExtensibilityGlobals) = postSolution
		SolutionGuid = {C69F5CF9-A382-4073-978E-DE8F4B13306A}
	EndGlobalSection
EndGlobal
